{
  "nodes": {
    "home-manager": {
      "inputs": {
        "nixpkgs": [
          "nixpkgs"
        ]
      },
      "locked": {
        "lastModified": 1781788787,
        "narHash": "sha256-YqlTCRRhGvNjcJejPeMuHrYQ/TVhOO2MV/nEGMWb8nk=",
        "owner": "nix-community",
        "repo": "home-manager",
        "rev": "d456f483f157d4b706416005da226234b9c116ff",
        "type": "github"
      },
      "original": {
        "owner": "nix-community",
        "repo": "home-manager",
        "type": "github"
      }
    },
    "nixpkgs": {
      "locked": {
        "lastModified": 1787001381,
        "narHash": "sha256-Ue1Yo8gfHdD4TMtNewhA4tkSYeFqXThju0nCyJc3ALo=",
        "owner": "nixos",
        "repo": "nixpkgs",
        "rev": "ec2d622de0773551768cf98f3fc50cbcc003b9c5",
        "type": "github"
      },
      "original": {
        "owner": "nixos",
        "ref": "nixos-unstable",
        "repo": "nixpkgs",
        "type": "github"
      }
    },
    "root": {
      "inputs": {
        "home-manager": "home-manager",
        "nixpkgs": "nixpkgs",
        "tmux-config": "tmux-config"
      }
    },
    "tmux-config": {
      "flake": false,
      "locked": {
        "lastModified": 1782224222,
        "narHash": "sha256-G7xLEJXReaSCjFEYH1BZP8sLmRWXLfhTieNNAB4kv5o=",
        "owner": "iglikoxha",
        "repo": "tmux",
        "rev": "3fe48a7789a179aaa1d6ff7fe2281f6ef058fd52",
        "type": "github"
      },
      "original": {
        "owner": "iglikoxha",
        "repo": "tmux",
        "type": "github"
      }
    }
  },
  "root": "root",
  "version": 7
}
